// !$*UTF8*$!
{
	archiveVersion = 1;
	classes = {
	};
	objectVersion = 56;
	objects = {

/* Begin PBXBuildFile section */
		D147EEFE2AD4026900B3478F /* CryptoCrazySwiftUIApp.swift in Sources */ = {isa = PBXBuildFile; fileRef = D147EEFD2AD4026900B3478F /* CryptoCrazySwiftUIApp.swift */; };
		D147EF002AD4026900B3478F /* ContentView.swift in Sources */ = {isa = PBXBuildFile; fileRef = D147EEFF2AD4026900B3478F /* ContentView.swift */; };
		D147EF022AD4026E00B3478F /* Assets.xcassets in Resources */ = {isa = PBXBuildFile; fileRef = D147EF012AD4026E00B3478F /* Assets.xcassets */; };
		D147EF052AD4026E00B3478F /* Preview Assets.xcassets in Resources */ = {isa = PBXBuildFile; fileRef = D147EF042AD4026E00B3478F /* Preview Assets.xcassets */; };
		D147EF102AD4030B00B3478F /* CryptoCurrencyModel.swift in Sources */ = {isa = PBXBuildFile; fileRef = D147EF0F2AD4030B00B3478F /* CryptoCurrencyModel.swift */; };
		D147EF122AD403C900B3478F /* WebServices.swift in Sources */ = {isa = PBXBuildFile; fileRef = D147EF112AD403C900B3478F /* WebServices.swift */; };
		D147EF142AD404E600B3478F /* CryptoCurrencyVM.swift in Sources */ = {isa = PBXBuildFile; fileRef = D147EF132AD404E600B3478F /* CryptoCurrencyVM.swift */; };
		D147EF182AD40A8700B3478F /* DetailsView.swift in Sources */ = {isa = PBXBuildFile; fileRef = D147EF172AD40A8700B3478F /* DetailsView.swift */; };
/* End PBXBuildFile section */

/* Begin PBXFileReference section */
		D147EEFA2AD4026900B3478F /* CryptoCrazySwiftUI.app */ = {isa = PBXFileReference; explicitFileType = wrapper.application; includeInIndex = 0; path = CryptoCrazySwiftUI.app; sourceTree = BUILT_PRODUCTS_DIR; };
		D147EEFD2AD4026900B3478F /* CryptoCrazySwiftUIApp.swift */ = {isa = PBXFileReference; lastKnownFileType = sourcecode.swift; path = CryptoCrazySwiftUIApp.swift; sourceTree = "<group>"; };
		D147EEFF2AD4026900B3478F /* ContentView.swift */ = {isa = PBXFileReference; lastKnownFileType = sourcecode.swift; path = ContentView.swift; sourceTree = "<group>"; };
		D147EF012AD4026E00B3478F /* Assets.xcassets */ = {isa = PBXFileReference; lastKnownFileType = folder.assetcatalog; path = Assets.xcassets; sourceTree = "<group>"; };
		D147EF042AD4026E00B3478F /* Preview Assets.xcassets */ = {isa = PBXFileReference; lastKnownFileType = folder.assetcatalog; path = "Preview Assets.xcassets"; sourceTree = "<group>"; };
		D147EF0F2AD4030B00B3478F /* CryptoCurrencyModel.swift */ = {isa = PBXFileReference; lastKnownFileType = sourcecode.swift; path = CryptoCurrencyModel.swift; sourceTree = "<group>"; };
		D147EF112AD403C900B3478F /* WebServices.swift */ = {isa = PBXFileReference; lastKnownFileType = sourcecode.swift; path = WebServices.swift; sourceTree = "<group>"; };
		D147EF132AD404E600B3478F /* CryptoCurrencyVM.swift */ = {isa = PBXFileReference; lastKnownFileType = sourcecode.swift; path = CryptoCurrencyVM.swift; sourceTree = "<group>"; };
		D147EF172AD40A8700B3478F /* DetailsView.swift */ = {isa = PBXFileReference; lastKnownFileType = sourcecode.swift; path = DetailsView.swift; sourceTree = "<group>"; };
/* End PBXFileReference section */

/* Begin PBXFrameworksBuildPhase section */
		D147EEF72AD4026900B3478F /* Frameworks */ = {
			isa = PBXFrameworksBuildPhase;
			buildActionMask = 2147483647;
			files = (
			);
			runOnlyForDeploymentPostprocessing = 0;
		};
/* End PBXFrameworksBuildPhase section */

/* Begin PBXGroup section */
		D147EEF12AD4026900B3478F = {
			isa = PBXGroup;
			children = (
				D147EEFC2AD4026900B3478F /* CryptoCrazySwiftUI */,
				D147EEFB2AD4026900B3478F /* Products */,
			);
			sourceTree = "<group>";
		};
		D147EEFB2AD4026900B3478F /* Products */ = {
			isa = PBXGroup;
			children = (
				D147EEFA2AD4026900B3478F /* CryptoCrazySwiftUI.app */,
			);
			name = Products;
			sourceTree = "<group>";
		};
		D147EEFC2AD4026900B3478F /* CryptoCrazySwiftUI */ = {
			isa = PBXGroup;
			children = (
				D147EF0E2AD4029F00B3478F /* Services */,
				D147EF0D2AD4029900B3478F /* ViewModel */,
				D147EF0C2AD4029300B3478F /* View */,
				D147EF0B2AD4028000B3478F /* Model */,
				D147EEFD2AD4026900B3478F /* CryptoCrazySwiftUIApp.swift */,
				D147EF012AD4026E00B3478F /* Assets.xcassets */,
				D147EF032AD4026E00B3478F /* Preview Content */,
			);
			path = CryptoCrazySwiftUI;
			sourceTree = "<group>";
		};
		D147EF032AD4026E00B3478F /* Preview Content */ = {
			isa = PBXGroup;
			children = (
				D147EF042AD4026E00B3478F /* Preview Assets.xcassets */,
			);
			path = "Preview Content";
			sourceTree = "<group>";
		};
		D147EF0B2AD4028000B3478F /* Model */ = {
			isa = PBXGroup;
			children = (
				D147EF0F2AD4030B00B3478F /* CryptoCurrencyModel.swift */,
			);
			path = Model;
			sourceTree = "<group>";
		};
		D147EF0C2AD4029300B3478F /* View */ = {
			isa = PBXGroup;
			children = (
				D147EEFF2AD4026900B3478F /* ContentView.swift */,
				D147EF172AD40A8700B3478F /* DetailsView.swift */,
			);
			path = View;
			sourceTree = "<group>";
		};
		D147EF0D2AD4029900B3478F /* ViewModel */ = {
			isa = PBXGroup;
			children = (
				D147EF132AD404E600B3478F /* CryptoCurrencyVM.swift */,
			);
			path = ViewModel;
			sourceTree = "<group>";
		};
		D147EF0E2AD4029F00B3478F /* Services */ = {
			isa = PBXGroup;
			children = (
				D147EF112AD403C900B3478F /* WebServices.swift */,
			);
			path = Services;
			sourceTree = "<group>";
		};
/* End PBXGroup section */

/* Begin PBXNativeTarget section */
		D147EEF92AD4026900B3478F /* CryptoCrazySwiftUI */ = {
			isa = PBXNativeTarget;
			buildConfigurationList = D147EF082AD4026E00B3478F /* Build configuration list for PBXNativeTarget "CryptoCrazySwiftUI" */;
			buildPhases = (
				D147EEF62AD4026900B3478F /* Sources */,
				D147EEF72AD4026900B3478F /* Frameworks */,
				D147EEF82AD4026900B3478F /* Resources */,
			);
			buildRules = (
			);
			dependencies = (
			);
			name = CryptoCrazySwiftUI;
			productName = CryptoCrazySwiftUI;
			productReference = D147EEFA2AD4026900B3478F /* CryptoCrazySwiftUI.app */;
			productType = "com.apple.product-type.application";
		};
/* End PBXNativeTarget section */

/* Begin PBXProject section */
		D147EEF22AD4026900B3478F /* Project object */ = {
			isa = PBXProject;
			attributes = {
				BuildIndependentTargetsInParallel = 1;
				LastSwiftUpdateCheck = 1430;
				LastUpgradeCheck = 1430;
				TargetAttributes = {
					D147EEF92AD4026900B3478F = {
						CreatedOnToolsVersion = 14.3;
					};
				};
			};
			buildConfigurationList = D147EEF52AD4026900B3478F /* Build configuration list for PBXProject "CryptoCrazySwiftUI" */;
			compatibilityVersion = "Xcode 14.0";
			developmentRegion = en;
			hasScannedForEncodings = 0;
			knownRegions = (
				en,
				Base,
			);
			mainGroup = D147EEF12AD4026900B3478F;
			productRefGroup = D147EEFB2AD4026900B3478F /* Products */;
			projectDirPath = "";
			projectRoot = "";
			targets = (
				D147EEF92AD4026900B3478F /* CryptoCrazySwiftUI */,
			);
		};
/* End PBXProject section */

/* Begin PBXResourcesBuildPhase section */
		D147EEF82AD4026900B3478F /* Resources */ = {
			isa = PBXResourcesBuildPhase;
			buildActionMask = 2147483647;
			files = (
				D147EF052AD4026E00B3478F /* Preview Assets.xcassets in Resources */,
				D147EF022AD4026E00B3478F /* Assets.xcassets in Resources */,
			);
			runOnlyForDeploymentPostprocessing = 0;
		};
/* End PBXResourcesBuildPhase section */

/* Begin PBXSourcesBuildPhase section */
		D147EEF62AD4026900B3478F /* Sources */ = {
			isa = PBXSourcesBuildPhase;
			buildActionMask = 2147483647;
			files = (
				D147EF002AD4026900B3478F /* ContentView.swift in Sources */,
				D147EF102AD4030B00B3478F /* CryptoCurrencyModel.swift in Sources */,
				D147EF122AD403C900B3478F /* WebServices.swift in Sources */,
				D147EEFE2AD4026900B3478F /* CryptoCrazySwiftUIApp.swift in Sources */,
				D147EF142AD404E600B3478F /* CryptoCurrencyVM.swift in Sources */,
				D147EF182AD40A8700B3478F /* DetailsView.swift in Sources */,
			);
			runOnlyForDeploymentPostprocessing = 0;
		};
/* End PBXSourcesBuildPhase section */

/* Begin XCBuildConfiguration section */
		D147EF062AD4026E00B3478F /* Debug */ = {
			isa = XCBuildConfiguration;
			buildSettings = {
				ALWAYS_SEARCH_USER_PATHS = NO;
				CLANG_ANALYZER_NONNULL = YES;
				CLANG_ANALYZER_NUMBER_OBJECT_CONVERSION = YES_AGGRESSIVE;
				CLANG_CXX_LANGUAGE_STANDARD = "gnu++20";
				CLANG_ENABLE_MODULES = YES;
				CLANG_ENABLE_OBJC_ARC = YES;
				CLANG_ENABLE_OBJC_WEAK = YES;
				CLANG_WARN_BLOCK_CAPTURE_AUTORELEASING = YES;
				CLANG_WARN_BOOL_CONVERSION = YES;
				CLANG_WARN_COMMA = YES;
				CLANG_WARN_CONSTANT_CONVERSION = YES;
				CLANG_WARN_DEPRECATED_OBJC_IMPLEMENTATIONS = YES;
				CLANG_WARN_DIRECT_OBJC_ISA_USAGE = YES_ERROR;
				CLANG_WARN_DOCUMENTATION_COMMENTS = YES;
				CLANG_WARN_EMPTY_BODY = YES;
				CLANG_WARN_ENUM_CONVERSION = YES;
				CLANG_WARN_INFINITE_RECURSION = YES;
				CLANG_WARN_INT_CONVERSION = YES;
				CLANG_WARN_NON_LITERAL_NULL_CONVERSION = YES;
				CLANG_WARN_OBJC_IMPLICIT_RETAIN_SELF = YES;
				CLANG_WARN_OBJC_LITERAL_CONVERSION = YES;
				CLANG_WARN_OBJC_ROOT_CLASS = YES_ERROR;
				CLANG_WARN_QUOTED_INCLUDE_IN_FRAMEWORK_HEADER = YES;
				CLANG_WARN_RANGE_LOOP_ANALYSIS = YES;
				CLANG_WARN_STRICT_PROTOTYPES = YES;
				CLANG_WARN_SUSPICIOUS_MOVE = YES;
				CLANG_WARN_UNGUARDED_AVAILABILITY = YES_AGGRESSIVE;
				CLANG_WARN_UNREACHABLE_CODE = YES;
				CLANG_WARN__DUPLICATE_METHOD_MATCH = YES;
				COPY_PHASE_STRIP = NO;
				DEBUG_INFORMATION_FORMAT = dwarf;
				ENABLE_STRICT_OBJC_MSGSEND = YES;
				ENABLE_TESTABILITY = YES;
				GCC_C_LANGUAGE_STANDARD = gnu11;
				GCC_DYNAMIC_NO_PIC = NO;
				GCC_NO_COMMON_BLOCKS = YES;
				GCC_OPTIMIZATION_LEVEL = 0;
				GCC_PREPROCESSOR_DEFINITIONS = (
					"DEBUG=1",
					"$(inherited)",
				);
				GCC_WARN_64_TO_32_BIT_CONVERSION = YES;
				GCC_WARN_ABOUT_RETURN_TYPE = YES_ERROR;
				GCC_WARN_UNDECLARED_SELECTOR = YES;
				GCC_WARN_UNINITIALIZED_AUTOS = YES_AGGRESSIVE;
				GCC_WARN_UNUSED_FUNCTION = YES;
				GCC_WARN_UNUSED_VARIABLE = YES;
				IPHONEOS_DEPLOYMENT_TARGET = 16.4;
				MTL_ENABLE_DEBUG_INFO = INCLUDE_SOURCE;
				MTL_FAST_MATH = YES;
				ONLY_ACTIVE_ARCH = YES;
				SDKROOT = iphoneos;
				SWIFT_ACTIVE_COMPILATION_CONDITIONS = DEBUG;
				SWIFT_OPTIMIZATION_LEVEL = "-Onone";
			};
			name = Debug;
		};
		D147EF072AD4026E00B3478F /* Release */ = {
			isa = XCBuildConfiguration;
			buildSettings = {
				ALWAYS_SEARCH_USER_PATHS = NO;
				CLANG_ANALYZER_NONNULL = YES;
				CLANG_ANALYZER_NUMBER_OBJECT_CONVERSION = YES_AGGRESSIVE;
				CLANG_CXX_LANGUAGE_STANDARD = "gnu++20";
				CLANG_ENABLE_MODULES = YES;
				CLANG_ENABLE_OBJC_ARC = YES;
				CLANG_ENABLE_OBJC_WEAK = YES;
				CLANG_WARN_BLOCK_CAPTURE_AUTORELEASING = YES;
				CLANG_WARN_BOOL_CONVERSION = YES;
				CLANG_WARN_COMMA = YES;
				CLANG_WARN_CONSTANT_CONVERSION = YES;
				CLANG_WARN_DEPRECATED_OBJC_IMPLEMENTATIONS = YES;
				CLANG_WARN_DIRECT_OBJC_ISA_USAGE = YES_ERROR;
				CLANG_WARN_DOCUMENTATION_COMMENTS = YES;
				CLANG_WARN_EMPTY_BODY = YES;
				CLANG_WARN_ENUM_CONVERSION = YES;
				CLANG_WARN_INFINITE_RECURSION = YES;
				CLANG_WARN_INT_CONVERSION = YES;
				CLANG_WARN_NON_LITERAL_NULL_CONVERSION = YES;
				CLANG_WARN_OBJC_IMPLICIT_RETAIN_SELF = YES;
				CLANG_WARN_OBJC_LITERAL_CONVERSION = YES;
				CLANG_WARN_OBJC_ROOT_CLASS = YES_ERROR;
				CLANG_WARN_QUOTED_INCLUDE_IN_FRAMEWORK_HEADER = YES;
				CLANG_WARN_RANGE_LOOP_ANALYSIS = YES;
				CLANG_WARN_STRICT_PROTOTYPES = YES;
				CLANG_WARN_SUSPICIOUS_MOVE = YES;
				CLANG_WARN_UNGUARDED_AVAILABILITY = YES_AGGRESSIVE;
				CLANG_WARN_UNREACHABLE_CODE = YES;
				CLANG_WARN__DUPLICATE_METHOD_MATCH = YES;
				COPY_PHASE_STRIP = NO;
				DEBUG_INFORMATION_FORMAT = "dwarf-with-dsym";
				ENABLE_NS_ASSERTIONS = NO;
				ENABLE_STRICT_OBJC_MSGSEND = YES;
				GCC_C_LANGUAGE_STANDARD = gnu11;
				GCC_NO_COMMON_BLOCKS = YES;
				GCC_WARN_64_TO_32_BIT_CONVERSION = YES;
				GCC_WARN_ABOUT_RETURN_TYPE = YES_ERROR;
				GCC_WARN_UNDECLARED_SELECTOR = YES;
				GCC_WARN_UNINITIALIZED_AUTOS = YES_AGGRESSIVE;
				GCC_WARN_UNUSED_FUNCTION = YES;
				GCC_WARN_UNUSED_VARIABLE = YES;
				IPHONEOS_DEPLOYMENT_TARGET = 16.4;
				MTL_ENABLE_DEBUG_INFO = NO;
				MTL_FAST_MATH = YES;
				SDKROOT = iphoneos;
				SWIFT_COMPILATION_MODE = wholemodule;
				SWIFT_OPTIMIZATION_LEVEL = "-O";
				VALIDATE_PRODUCT = YES;
			};
			name = Release;
		};
		D147EF092AD4026E00B3478F /* Debug */ = {
			isa = XCBuildConfiguration;
			buildSettings = {
				ASSETCATALOG_COMPILER_APPICON_NAME = AppIcon;
				ASSETCATALOG_COMPILER_GLOBAL_ACCENT_COLOR_NAME = AccentColor;
				CODE_SIGN_STYLE = Automatic;
				CURRENT_PROJECT_VERSION = 1;
				DEVELOPMENT_ASSET_PATHS = "\"CryptoCrazySwiftUI/Preview Content\"";
				DEVELOPMENT_TEAM = V893D9G2H6;
				ENABLE_PREVIEWS = YES;
				GENERATE_INFOPLIST_FILE = YES;
				INFOPLIST_KEY_UIApplicationSceneManifest_Generation = YES;
				INFOPLIST_KEY_UIApplicationSupportsIndirectInputEvents = YES;
				INFOPLIST_KEY_UILaunchScreen_Generation = YES;
				INFOPLIST_KEY_UISupportedInterfaceOrientations_iPad = "UIInterfaceOrientationPortrait UIInterfaceOrientationPortraitUpsideDown UIInterfaceOrientationLandscapeLeft UIInterfaceOrientationLandscapeRight";
				INFOPLIST_KEY_UISupportedInterfaceOrientations_iPhone = "UIInterfaceOrientationPortrait UIInterfaceOrientationLandscapeLeft UIInterfaceOrientationLandscapeRight";
				LD_RUNPATH_SEARCH_PATHS = (
					"$(inherited)",
					"@executable_path/Frameworks",
				);
				MARKETING_VERSION = 1.0;
				PRODUCT_BUNDLE_IDENTIFIER = VeysalHasanbayli.CryptoCrazySwiftUI;
				PRODUCT_NAME = "$(TARGET_NAME)";
				SWIFT_EMIT_LOC_STRINGS = YES;
				SWIFT_VERSION = 5.0;
				TARGETED_DEVICE_FAMILY = "1,2";
			};
			name = Debug;
		};
		D147EF0A2AD4026E00B3478F /* Release */ = {
			isa = XCBuildConfiguration;
			buildSettings = {
				ASSETCATALOG_COMPILER_APPICON_NAME = AppIcon;
				ASSETCATALOG_COMPILER_GLOBAL_ACCENT_COLOR_NAME = AccentColor;
				CODE_SIGN_STYLE = Automatic;
				CURRENT_PROJECT_VERSION = 1;
				DEVELOPMENT_ASSET_PATHS = "\"CryptoCrazySwiftUI/Preview Content\"";
				DEVELOPMENT_TEAM = V893D9G2H6;
				ENABLE_PREVIEWS = YES;
				GENERATE_INFOPLIST_FILE = YES;
				INFOPLIST_KEY_UIApplicationSceneManifest_Generation = YES;
				INFOPLIST_KEY_UIApplicationSupportsIndirectInputEvents = YES;
				INFOPLIST_KEY_UILaunchScreen_Generation = YES;
				INFOPLIST_KEY_UISupportedInterfaceOrientations_iPad = "UIInterfaceOrientationPortrait UIInterfaceOrientationPortraitUpsideDown UIInterfaceOrientationLandscapeLeft UIInterfaceOrientationLandscapeRight";
				INFOPLIST_KEY_UISupportedInterfaceOrientations_iPhone = "UIInterfaceOrientationPortrait UIInterfaceOrientationLandscapeLeft UIInterfaceOrientationLandscapeRight";
				LD_RUNPATH_SEARCH_PATHS = (
					"$(inherited)",
					"@executable_path/Frameworks",
				);
				MARKETING_VERSION = 1.0;
				PRODUCT_BUNDLE_IDENTIFIER = VeysalHasanbayli.CryptoCrazySwiftUI;
				PRODUCT_NAME = "$(TARGET_NAME)";
				SWIFT_EMIT_LOC_STRINGS = YES;
				SWIFT_VERSION = 5.0;
				TARGETED_DEVICE_FAMILY = "1,2";
			};
			name = Release;
		};
/* End XCBuildConfiguration section */

/* Begin XCConfigurationList section */
		D147EEF52AD4026900B3478F /* Build configuration list for PBXProject "CryptoCrazySwiftUI" */ = {
			isa = XCConfigurationList;
			buildConfigurations = (
				D147EF062AD4026E00B3478F /* Debug */,
				D147EF072AD4026E00B3478F /* Release */,
			);
			defaultConfigurationIsVisible = 0;
			defaultConfigurationName = Release;
		};
		D147EF082AD4026E00B3478F /* Build configuration list for PBXNativeTarget "CryptoCrazySwiftUI" */ = {
			isa = XCConfigurationList;
			buildConfigurations = (
				D147EF092AD4026E00B3478F /* Debug */,
				D147EF0A2AD4026E00B3478F /* Release */,
			);
			defaultConfigurationIsVisible = 0;
			defaultConfigurationName = Release;
		};
/* End XCConfigurationList section */
	};
	rootObject = D147EEF22AD4026900B3478F /* Project object */;
}
